
Microsoft Visual Studio Solution File, Format Version 12.00
# Visual Studio Version 17
VisualStudioVersion = 17.3.32929.385
MinimumVisualStudioVersion = 10.0.40219.1
Project("{FAE04EC0-301F-11D3-BF4B-00C04F79EFBC}") = "DP-Project", "DP-Project\DP-Project.csproj", "{4331DB11-54A0-4DD3-8788-5911A5BA6A85}"
EndProject
Global
	GlobalSection(SolutionConfigurationPlatforms) = preSolution
		Debug|Any CPU = Debug|Any CPU
		Release|Any CPU = Release|Any CPU
	EndGlobalSection
	GlobalSection(ProjectConfigurationPlatforms) = postSolution
		{4331DB11-54A0-4DD3-8788-5911A5BA6A85}.Debug|Any CPU.ActiveCfg = Debug|Any CPU
		{4331DB11-54A0-4DD3-8788-5911A5BA6A85}.Debug|Any CPU.Build.0 = Debug|Any CPU
		{4331DB11-54A0-4DD3-8788-5911A5BA6A85}.Release|Any CPU.ActiveCfg = Release|Any CPU
		{4331DB11-54A0-4DD3-8788-5911A5BA6A85}.Release|Any CPU.Build.0 = Release|Any CPU
	EndGlobalSection
	GlobalSection(SolutionProperties) = preSolution
		HideSolutionNode = FALSE
	EndGlobalSection
	GlobalSection(ExtensibilityGlobals) = postSolution
		SolutionGuid = {F86208AA-8819-4D47-8D37-3A215D495BA2}
	EndGlobalSection
EndGlobal
